
Microsoft Visual Studio Solution File, Format Version 12.00
# Visual Studio Version 17
VisualStudioVersion = 17.4.33213.308
MinimumVisualStudioVersion = 10.0.40219.1
Project("{FAE04EC0-301F-11D3-BF4B-00C04F79EFBC}") = "HomeTask_WebAPI", "HomeTask_WebAPI\HomeTask_WebAPI.csproj", "{F78CE494-3645-4EB0-BC0E-8B40C6D0B3BA}"
EndProject
Global
	GlobalSection(SolutionConfigurationPlatforms) = preSolution
		Debug|Any CPU = Debug|Any CPU
		Release|Any CPU = Release|Any CPU
	EndGlobalSection
	GlobalSection(ProjectConfigurationPlatforms) = postSolution
		{F78CE494-3645-4EB0-BC0E-8B40C6D0B3BA}.Debug|Any CPU.ActiveCfg = Debug|Any CPU
		{F78CE494-3645-4EB0-BC0E-8B40C6D0B3BA}.Debug|Any CPU.Build.0 = Debug|Any CPU
		{F78CE494-3645-4EB0-BC0E-8B40C6D0B3BA}.Release|Any CPU.ActiveCfg = Release|Any CPU
		{F78CE494-3645-4EB0-BC0E-8B40C6D0B3BA}.Release|Any CPU.Build.0 = Release|Any CPU
	EndGlobalSection
	GlobalSection(SolutionProperties) = preSolution
		HideSolutionNode = FALSE
	EndGlobalSection
	GlobalSection(ExtensibilityGlobals) = postSolution
		SolutionGuid = {668843D7-70AB-4AE7-9BF8-583D38A62755}
	EndGlobalSection
EndGlobal
