
Microsoft Visual Studio Solution File, Format Version 12.00
# Visual Studio Version 17
VisualStudioVersion = 17.4.33213.308
MinimumVisualStudioVersion = 10.0.40219.1
Project("{FAE04EC0-301F-11D3-BF4B-00C04F79EFBC}") = "WebAPI_Test", "WebAPI_Test\WebAPI_Test.csproj", "{712C1166-771A-44A7-99F5-8A79B8F180CD}"
EndProject
Global
	GlobalSection(SolutionConfigurationPlatforms) = preSolution
		Debug|Any CPU = Debug|Any CPU
		Release|Any CPU = Release|Any CPU
	EndGlobalSection
	GlobalSection(ProjectConfigurationPlatforms) = postSolution
		{712C1166-771A-44A7-99F5-8A79B8F180CD}.Debug|Any CPU.ActiveCfg = Debug|Any CPU
		{712C1166-771A-44A7-99F5-8A79B8F180CD}.Debug|Any CPU.Build.0 = Debug|Any CPU
		{712C1166-771A-44A7-99F5-8A79B8F180CD}.Release|Any CPU.ActiveCfg = Release|Any CPU
		{712C1166-771A-44A7-99F5-8A79B8F180CD}.Release|Any CPU.Build.0 = Release|Any CPU
	EndGlobalSection
	GlobalSection(SolutionProperties) = preSolution
		HideSolutionNode = FALSE
	EndGlobalSection
	GlobalSection(ExtensibilityGlobals) = postSolution
		SolutionGuid = {9C337689-DD36-435C-9CB2-5BDD3C023E1A}
	EndGlobalSection
EndGlobal
